
Microsoft Visual Studio Solution File, Format Version 12.00
# Visual Studio Version 17
VisualStudioVersion = 17.7.34003.232
MinimumVisualStudioVersion = 10.0.40219.1
Project("{9A19103F-16F7-4668-BE54-9A1E7A4F7556}") = "JasenrekisteriNoSQL", "JasenrekisteriNoSQL.csproj", "{4A7E6233-A8AE-46BC-9B17-EF098ABCFDAD}"
EndProject
Global
	GlobalSection(SolutionConfigurationPlatforms) = preSolution
		Debug|Any CPU = Debug|Any CPU
		Release|Any CPU = Release|Any CPU
	EndGlobalSection
	GlobalSection(ProjectConfigurationPlatforms) = postSolution
		{4A7E6233-A8AE-46BC-9B17-EF098ABCFDAD}.Debug|Any CPU.ActiveCfg = Debug|Any CPU
		{4A7E6233-A8AE-46BC-9B17-EF098ABCFDAD}.Debug|Any CPU.Build.0 = Debug|Any CPU
		{4A7E6233-A8AE-46BC-9B17-EF098ABCFDAD}.Release|Any CPU.ActiveCfg = Release|Any CPU
		{4A7E6233-A8AE-46BC-9B17-EF098ABCFDAD}.Release|Any CPU.Build.0 = Release|Any CPU
	EndGlobalSection
	GlobalSection(SolutionProperties) = preSolution
		HideSolutionNode = FALSE
	EndGlobalSection
	GlobalSection(ExtensibilityGlobals) = postSolution
		SolutionGuid = {6E50E564-E700-4984-B0D7-57362C24F11C}
	EndGlobalSection
EndGlobal
